
Microsoft Visual Studio Solution File, Format Version 12.00
# Visual Studio Version 17
VisualStudioVersion = 17.9.34622.214
MinimumVisualStudioVersion = 10.0.40219.1
Project("{9A19103F-16F7-4668-BE54-9A1E7A4F7556}") = "WEB_253501_LAVRIV", "WEB_253501_LAVRIV\WEB_253501_LAVRIV.csproj", "{D5532554-0484-4EB6-B5E1-64D8A1B7F74A}"
EndProject
Project("{9A19103F-16F7-4668-BE54-9A1E7A4F7556}") = "Web_253501_Lavriv.Domain", "Web_253501_Lavriv.Domain\Web_253501_Lavriv.Domain.csproj", "{67233240-201E-4634-A871-DED703F693FB}"
EndProject
Project("{9A19103F-16F7-4668-BE54-9A1E7A4F7556}") = "Web_253501_Lavriv.API", "Web_253501_Lavriv.API\Web_253501_Lavriv.API.csproj", "{4371E342-0B86-4757-AAC9-1C0D01B7C162}"
EndProject
Global
	GlobalSection(SolutionConfigurationPlatforms) = preSolution
		Debug|Any CPU = Debug|Any CPU
		Release|Any CPU = Release|Any CPU
	EndGlobalSection
	GlobalSection(ProjectConfigurationPlatforms) = postSolution
		{D5532554-0484-4EB6-B5E1-64D8A1B7F74A}.Debug|Any CPU.ActiveCfg = Debug|Any CPU
		{D5532554-0484-4EB6-B5E1-64D8A1B7F74A}.Debug|Any CPU.Build.0 = Debug|Any CPU
		{D5532554-0484-4EB6-B5E1-64D8A1B7F74A}.Release|Any CPU.ActiveCfg = Release|Any CPU
		{D5532554-0484-4EB6-B5E1-64D8A1B7F74A}.Release|Any CPU.Build.0 = Release|Any CPU
		{67233240-201E-4634-A871-DED703F693FB}.Debug|Any CPU.ActiveCfg = Debug|Any CPU
		{67233240-201E-4634-A871-DED703F693FB}.Debug|Any CPU.Build.0 = Debug|Any CPU
		{67233240-201E-4634-A871-DED703F693FB}.Release|Any CPU.ActiveCfg = Release|Any CPU
		{67233240-201E-4634-A871-DED703F693FB}.Release|Any CPU.Build.0 = Release|Any CPU
		{4371E342-0B86-4757-AAC9-1C0D01B7C162}.Debug|Any CPU.ActiveCfg = Debug|Any CPU
		{4371E342-0B86-4757-AAC9-1C0D01B7C162}.Debug|Any CPU.Build.0 = Debug|Any CPU
		{4371E342-0B86-4757-AAC9-1C0D01B7C162}.Release|Any CPU.ActiveCfg = Release|Any CPU
		{4371E342-0B86-4757-AAC9-1C0D01B7C162}.Release|Any CPU.Build.0 = Release|Any CPU
	EndGlobalSection
	GlobalSection(SolutionProperties) = preSolution
		HideSolutionNode = FALSE
	EndGlobalSection
	GlobalSection(ExtensibilityGlobals) = postSolution
		SolutionGuid = {6713C006-9A7D-4512-A893-90772010963B}
	EndGlobalSection
EndGlobal
